
Microsoft Visual Studio Solution File, Format Version 12.00
# Visual Studio Version 17
VisualStudioVersion = 17.4.33122.133
MinimumVisualStudioVersion = 10.0.40219.1
Project("{2150E333-8FDC-42A3-9474-1A3956D46DE8}") = "Core", "Core", "{2E66F6B1-0FF7-4DAA-9BFE-0651D710745B}"
EndProject
Project("{2150E333-8FDC-42A3-9474-1A3956D46DE8}") = "Infrastructure", "Infrastructure", "{9C11F122-B573-4887-8F94-9540C14F9172}"
EndProject
Project("{2150E333-8FDC-42A3-9474-1A3956D46DE8}") = "Presentation", "Presentation", "{570616DA-33CF-4FFC-9060-DC56F428292C}"
EndProject
Project("{2150E333-8FDC-42A3-9474-1A3956D46DE8}") = "Tests", "Tests", "{E544328B-514F-451D-A771-643DD8CF611B}"
EndProject
Project("{9A19103F-16F7-4668-BE54-9A1E7A4F7556}") = "Notes.Domain", "Notes.Domain\Notes.Domain.csproj", "{76F8032B-130D-4CB5-93C5-674AFE1FEAF0}"
EndProject
Project("{FAE04EC0-301F-11D3-BF4B-00C04F79EFBC}") = "Notes.Application", "Notes.Application\Notes.Application.csproj", "{4E7B391E-B80F-406A-AA1D-A1E8788EEBF8}"
EndProject
Project("{FAE04EC0-301F-11D3-BF4B-00C04F79EFBC}") = "Notes.Persistence", "Notes.Persistence\Notes.Persistence.csproj", "{6D9FC7D1-6ABB-4BB8-8BE6-15AE8D96577C}"
EndProject
Project("{FAE04EC0-301F-11D3-BF4B-00C04F79EFBC}") = "Notes.WebAPI", "Notes.WebAPI\Notes.WebAPI.csproj", "{E074A55E-3A5A-471D-AE27-9C2D93252C29}"
EndProject
Global
	GlobalSection(SolutionConfigurationPlatforms) = preSolution
		Debug|Any CPU = Debug|Any CPU
		Release|Any CPU = Release|Any CPU
	EndGlobalSection
	GlobalSection(ProjectConfigurationPlatforms) = postSolution
		{76F8032B-130D-4CB5-93C5-674AFE1FEAF0}.Debug|Any CPU.ActiveCfg = Debug|Any CPU
		{76F8032B-130D-4CB5-93C5-674AFE1FEAF0}.Debug|Any CPU.Build.0 = Debug|Any CPU
		{76F8032B-130D-4CB5-93C5-674AFE1FEAF0}.Release|Any CPU.ActiveCfg = Release|Any CPU
		{76F8032B-130D-4CB5-93C5-674AFE1FEAF0}.Release|Any CPU.Build.0 = Release|Any CPU
		{4E7B391E-B80F-406A-AA1D-A1E8788EEBF8}.Debug|Any CPU.ActiveCfg = Debug|Any CPU
		{4E7B391E-B80F-406A-AA1D-A1E8788EEBF8}.Debug|Any CPU.Build.0 = Debug|Any CPU
		{4E7B391E-B80F-406A-AA1D-A1E8788EEBF8}.Release|Any CPU.ActiveCfg = Release|Any CPU
		{4E7B391E-B80F-406A-AA1D-A1E8788EEBF8}.Release|Any CPU.Build.0 = Release|Any CPU
		{6D9FC7D1-6ABB-4BB8-8BE6-15AE8D96577C}.Debug|Any CPU.ActiveCfg = Debug|Any CPU
		{6D9FC7D1-6ABB-4BB8-8BE6-15AE8D96577C}.Debug|Any CPU.Build.0 = Debug|Any CPU
		{6D9FC7D1-6ABB-4BB8-8BE6-15AE8D96577C}.Release|Any CPU.ActiveCfg = Release|Any CPU
		{6D9FC7D1-6ABB-4BB8-8BE6-15AE8D96577C}.Release|Any CPU.Build.0 = Release|Any CPU
		{E074A55E-3A5A-471D-AE27-9C2D93252C29}.Debug|Any CPU.ActiveCfg = Debug|Any CPU
		{E074A55E-3A5A-471D-AE27-9C2D93252C29}.Debug|Any CPU.Build.0 = Debug|Any CPU
		{E074A55E-3A5A-471D-AE27-9C2D93252C29}.Release|Any CPU.ActiveCfg = Release|Any CPU
		{E074A55E-3A5A-471D-AE27-9C2D93252C29}.Release|Any CPU.Build.0 = Release|Any CPU
	EndGlobalSection
	GlobalSection(SolutionProperties) = preSolution
		HideSolutionNode = FALSE
	EndGlobalSection
	GlobalSection(NestedProjects) = preSolution
		{76F8032B-130D-4CB5-93C5-674AFE1FEAF0} = {2E66F6B1-0FF7-4DAA-9BFE-0651D710745B}
		{4E7B391E-B80F-406A-AA1D-A1E8788EEBF8} = {2E66F6B1-0FF7-4DAA-9BFE-0651D710745B}
		{6D9FC7D1-6ABB-4BB8-8BE6-15AE8D96577C} = {9C11F122-B573-4887-8F94-9540C14F9172}
		{E074A55E-3A5A-471D-AE27-9C2D93252C29} = {570616DA-33CF-4FFC-9060-DC56F428292C}
	EndGlobalSection
	GlobalSection(ExtensibilityGlobals) = postSolution
		SolutionGuid = {AA06489F-4CC2-49EC-A46C-5F388160C87B}
	EndGlobalSection
EndGlobal
